// !$*UTF8*$!
{
	archiveVersion = 1;
	classes = {
	};
	objectVersion = 46;
	objects = {

/* Begin PBXBuildFile section */
		5566AAEE1CC1832000F36A72 /* main.cpp in Sources */ = {isa = PBXBuildFile; fileRef = 5566AAED1CC1832000F36A72 /* main.cpp */; };
		5566AAF61CC26DEF00F36A72 /* dansh_statement.cpp in Sources */ = {isa = PBXBuildFile; fileRef = 5566AAF41CC26DEF00F36A72 /* dansh_statement.cpp */; };
		5566AAF91CC2708500F36A72 /* dansh_token.cpp in Sources */ = {isa = PBXBuildFile; fileRef = 5566AAF71CC2708500F36A72 /* dansh_token.cpp */; };
		55F0AA2D1CC2830D000AD43C /* dansh_command_pwd.cpp in Sources */ = {isa = PBXBuildFile; fileRef = 55F0AA2B1CC2830D000AD43C /* dansh_command_pwd.cpp */; };
		55F0AA301CC28464000AD43C /* dansh_command_parent_dir.cpp in Sources */ = {isa = PBXBuildFile; fileRef = 55F0AA2E1CC28464000AD43C /* dansh_command_parent_dir.cpp */; };
		55F0AA331CC28584000AD43C /* dansh_command_cd.cpp in Sources */ = {isa = PBXBuildFile; fileRef = 55F0AA311CC28584000AD43C /* dansh_command_cd.cpp */; };
		55F0AA361CC28670000AD43C /* dansh_command_cd_parent_dir.cpp in Sources */ = {isa = PBXBuildFile; fileRef = 55F0AA341CC28670000AD43C /* dansh_command_cd_parent_dir.cpp */; };
/* End PBXBuildFile section */

/* Begin PBXCopyFilesBuildPhase section */
		5566AAE81CC1832000F36A72 /* CopyFiles */ = {
			isa = PBXCopyFilesBuildPhase;
			buildActionMask = 2147483647;
			dstPath = /usr/share/man/man1/;
			dstSubfolderSpec = 0;
			files = (
			);
			runOnlyForDeploymentPostprocessing = 1;
		};
/* End PBXCopyFilesBuildPhase section */

/* Begin PBXFileReference section */
		5566AAEA1CC1832000F36A72 /* dansh */ = {isa = PBXFileReference; explicitFileType = "compiled.mach-o.executable"; includeInIndex = 0; path = dansh; sourceTree = BUILT_PRODUCTS_DIR; };
		5566AAED1CC1832000F36A72 /* main.cpp */ = {isa = PBXFileReference; lastKnownFileType = sourcecode.cpp.cpp; path = main.cpp; sourceTree = "<group>"; };
		5566AAF41CC26DEF00F36A72 /* dansh_statement.cpp */ = {isa = PBXFileReference; fileEncoding = 4; lastKnownFileType = sourcecode.cpp.cpp; path = dansh_statement.cpp; sourceTree = "<group>"; };
		5566AAF51CC26DEF00F36A72 /* dansh_statement.hpp */ = {isa = PBXFileReference; fileEncoding = 4; lastKnownFileType = sourcecode.cpp.h; path = dansh_statement.hpp; sourceTree = "<group>"; };
		5566AAF71CC2708500F36A72 /* dansh_token.cpp */ = {isa = PBXFileReference; fileEncoding = 4; lastKnownFileType = sourcecode.cpp.cpp; path = dansh_token.cpp; sourceTree = "<group>"; };
		5566AAF81CC2708500F36A72 /* dansh_token.hpp */ = {isa = PBXFileReference; fileEncoding = 4; lastKnownFileType = sourcecode.cpp.h; path = dansh_token.hpp; sourceTree = "<group>"; };
		55F0AA2B1CC2830D000AD43C /* dansh_command_pwd.cpp */ = {isa = PBXFileReference; fileEncoding = 4; lastKnownFileType = sourcecode.cpp.cpp; path = dansh_command_pwd.cpp; sourceTree = "<group>"; };
		55F0AA2C1CC2830D000AD43C /* dansh_command_pwd.hpp */ = {isa = PBXFileReference; fileEncoding = 4; lastKnownFileType = sourcecode.cpp.h; path = dansh_command_pwd.hpp; sourceTree = "<group>"; };
		55F0AA2E1CC28464000AD43C /* dansh_command_parent_dir.cpp */ = {isa = PBXFileReference; fileEncoding = 4; lastKnownFileType = sourcecode.cpp.cpp; path = dansh_command_parent_dir.cpp; sourceTree = "<group>"; };
		55F0AA2F1CC28464000AD43C /* dansh_command_parent_dir.hpp */ = {isa = PBXFileReference; fileEncoding = 4; lastKnownFileType = sourcecode.cpp.h; path = dansh_command_parent_dir.hpp; sourceTree = "<group>"; };
		55F0AA311CC28584000AD43C /* dansh_command_cd.cpp */ = {isa = PBXFileReference; fileEncoding = 4; lastKnownFileType = sourcecode.cpp.cpp; path = dansh_command_cd.cpp; sourceTree = "<group>"; };
		55F0AA321CC28584000AD43C /* dansh_command_cd.hpp */ = {isa = PBXFileReference; fileEncoding = 4; lastKnownFileType = sourcecode.cpp.h; path = dansh_command_cd.hpp; sourceTree = "<group>"; };
		55F0AA341CC28670000AD43C /* dansh_command_cd_parent_dir.cpp */ = {isa = PBXFileReference; fileEncoding = 4; lastKnownFileType = sourcecode.cpp.cpp; path = dansh_command_cd_parent_dir.cpp; sourceTree = "<group>"; };
		55F0AA351CC28670000AD43C /* dansh_command_cd_parent_dir.hpp */ = {isa = PBXFileReference; fileEncoding = 4; lastKnownFileType = sourcecode.cpp.h; path = dansh_command_cd_parent_dir.hpp; sourceTree = "<group>"; };
/* End PBXFileReference section */

/* Begin PBXFrameworksBuildPhase section */
		5566AAE71CC1832000F36A72 /* Frameworks */ = {
			isa = PBXFrameworksBuildPhase;
			buildActionMask = 2147483647;
			files = (
			);
			runOnlyForDeploymentPostprocessing = 0;
		};
/* End PBXFrameworksBuildPhase section */

/* Begin PBXGroup section */
		5566AAE11CC1832000F36A72 = {
			isa = PBXGroup;
			children = (
				5566AAEC1CC1832000F36A72 /* dansh */,
				5566AAEB1CC1832000F36A72 /* Products */,
			);
			sourceTree = "<group>";
		};
		5566AAEB1CC1832000F36A72 /* Products */ = {
			isa = PBXGroup;
			children = (
				5566AAEA1CC1832000F36A72 /* dansh */,
			);
			name = Products;
			sourceTree = "<group>";
		};
		5566AAEC1CC1832000F36A72 /* dansh */ = {
			isa = PBXGroup;
			children = (
				5566AAED1CC1832000F36A72 /* main.cpp */,
				5566AAF81CC2708500F36A72 /* dansh_token.hpp */,
				5566AAF71CC2708500F36A72 /* dansh_token.cpp */,
				5566AAF51CC26DEF00F36A72 /* dansh_statement.hpp */,
				5566AAF41CC26DEF00F36A72 /* dansh_statement.cpp */,
				55F0AA2C1CC2830D000AD43C /* dansh_command_pwd.hpp */,
				55F0AA2B1CC2830D000AD43C /* dansh_command_pwd.cpp */,
				55F0AA2F1CC28464000AD43C /* dansh_command_parent_dir.hpp */,
				55F0AA2E1CC28464000AD43C /* dansh_command_parent_dir.cpp */,
				55F0AA321CC28584000AD43C /* dansh_command_cd.hpp */,
				55F0AA311CC28584000AD43C /* dansh_command_cd.cpp */,
				55F0AA351CC28670000AD43C /* dansh_command_cd_parent_dir.hpp */,
				55F0AA341CC28670000AD43C /* dansh_command_cd_parent_dir.cpp */,
			);
			path = dansh;
			sourceTree = "<group>";
		};
/* End PBXGroup section */

/* Begin PBXNativeTarget section */
		5566AAE91CC1832000F36A72 /* dansh */ = {
			isa = PBXNativeTarget;
			buildConfigurationList = 5566AAF11CC1832000F36A72 /* Build configuration list for PBXNativeTarget "dansh" */;
			buildPhases = (
				5566AAE61CC1832000F36A72 /* Sources */,
				5566AAE71CC1832000F36A72 /* Frameworks */,
				5566AAE81CC1832000F36A72 /* CopyFiles */,
			);
			buildRules = (
			);
			dependencies = (
			);
			name = dansh;
			productName = dansh;
			productReference = 5566AAEA1CC1832000F36A72 /* dansh */;
			productType = "com.apple.product-type.tool";
		};
/* End PBXNativeTarget section */

/* Begin PBXProject section */
		5566AAE21CC1832000F36A72 /* Project object */ = {
			isa = PBXProject;
			attributes = {
				LastUpgradeCheck = 0730;
				ORGANIZATIONNAME = "Uli Kusterer";
				TargetAttributes = {
					5566AAE91CC1832000F36A72 = {
						CreatedOnToolsVersion = 7.3;
					};
				};
			};
			buildConfigurationList = 5566AAE51CC1832000F36A72 /* Build configuration list for PBXProject "dansh" */;
			compatibilityVersion = "Xcode 3.2";
			developmentRegion = English;
			hasScannedForEncodings = 0;
			knownRegions = (
				en,
			);
			mainGroup = 5566AAE11CC1832000F36A72;
			productRefGroup = 5566AAEB1CC1832000F36A72 /* Products */;
			projectDirPath = "";
			projectRoot = "";
			targets = (
				5566AAE91CC1832000F36A72 /* dansh */,
			);
		};
/* End PBXProject section */

/* Begin PBXSourcesBuildPhase section */
		5566AAE61CC1832000F36A72 /* Sources */ = {
			isa = PBXSourcesBuildPhase;
			buildActionMask = 2147483647;
			files = (
				55F0AA301CC28464000AD43C /* dansh_command_parent_dir.cpp in Sources */,
				55F0AA331CC28584000AD43C /* dansh_command_cd.cpp in Sources */,
				55F0AA2D1CC2830D000AD43C /* dansh_command_pwd.cpp in Sources */,
				5566AAF61CC26DEF00F36A72 /* dansh_statement.cpp in Sources */,
				5566AAF91CC2708500F36A72 /* dansh_token.cpp in Sources */,
				5566AAEE1CC1832000F36A72 /* main.cpp in Sources */,
				55F0AA361CC28670000AD43C /* dansh_command_cd_parent_dir.cpp in Sources */,
			);
			runOnlyForDeploymentPostprocessing = 0;
		};
/* End PBXSourcesBuildPhase section */

/* Begin XCBuildConfiguration section */
		5566AAEF1CC1832000F36A72 /* Debug */ = {
			isa = XCBuildConfiguration;
			buildSettings = {
				ALWAYS_SEARCH_USER_PATHS = NO;
				CLANG_ANALYZER_NONNULL = YES;
				CLANG_CXX_LANGUAGE_STANDARD = "gnu++0x";
				CLANG_CXX_LIBRARY = "libc++";
				CLANG_ENABLE_MODULES = YES;
				CLANG_ENABLE_OBJC_ARC = YES;
				CLANG_WARN_BOOL_CONVERSION = YES;
				CLANG_WARN_CONSTANT_CONVERSION = YES;
				CLANG_WARN_DIRECT_OBJC_ISA_USAGE = YES_ERROR;
				CLANG_WARN_EMPTY_BODY = YES;
				CLANG_WARN_ENUM_CONVERSION = YES;
				CLANG_WARN_INT_CONVERSION = YES;
				CLANG_WARN_OBJC_ROOT_CLASS = YES_ERROR;
				CLANG_WARN_UNREACHABLE_CODE = YES;
				CLANG_WARN__DUPLICATE_METHOD_MATCH = YES;
				CODE_SIGN_IDENTITY = "-";
				COPY_PHASE_STRIP = NO;
				DEBUG_INFORMATION_FORMAT = dwarf;
				ENABLE_STRICT_OBJC_MSGSEND = YES;
				ENABLE_TESTABILITY = YES;
				GCC_C_LANGUAGE_STANDARD = gnu99;
				GCC_DYNAMIC_NO_PIC = NO;
				GCC_NO_COMMON_BLOCKS = YES;
				GCC_OPTIMIZATION_LEVEL = 0;
				GCC_PREPROCESSOR_DEFINITIONS = (
					"DEBUG=1",
					"$(inherited)",
				);
				GCC_WARN_64_TO_32_BIT_CONVERSION = YES;
				GCC_WARN_ABOUT_RETURN_TYPE = YES_ERROR;
				GCC_WARN_UNDECLARED_SELECTOR = YES;
				GCC_WARN_UNINITIALIZED_AUTOS = YES_AGGRESSIVE;
				GCC_WARN_UNUSED_FUNCTION = YES;
				GCC_WARN_UNUSED_VARIABLE = YES;
				MACOSX_DEPLOYMENT_TARGET = 10.11;
				MTL_ENABLE_DEBUG_INFO = YES;
				ONLY_ACTIVE_ARCH = YES;
				SDKROOT = macosx;
			};
			name = Debug;
		};
		5566AAF01CC1832000F36A72 /* Release */ = {
			isa = XCBuildConfiguration;
			buildSettings = {
				ALWAYS_SEARCH_USER_PATHS = NO;
				CLANG_ANALYZER_NONNULL = YES;
				CLANG_CXX_LANGUAGE_STANDARD = "gnu++0x";
				CLANG_CXX_LIBRARY = "libc++";
				CLANG_ENABLE_MODULES = YES;
				CLANG_ENABLE_OBJC_ARC = YES;
				CLANG_WARN_BOOL_CONVERSION = YES;
				CLANG_WARN_CONSTANT_CONVERSION = YES;
				CLANG_WARN_DIRECT_OBJC_ISA_USAGE = YES_ERROR;
				CLANG_WARN_EMPTY_BODY = YES;
				CLANG_WARN_ENUM_CONVERSION = YES;
				CLANG_WARN_INT_CONVERSION = YES;
				CLANG_WARN_OBJC_ROOT_CLASS = YES_ERROR;
				CLANG_WARN_UNREACHABLE_CODE = YES;
				CLANG_WARN__DUPLICATE_METHOD_MATCH = YES;
				CODE_SIGN_IDENTITY = "-";
				COPY_PHASE_STRIP = NO;
				DEBUG_INFORMATION_FORMAT = "dwarf-with-dsym";
				ENABLE_NS_ASSERTIONS = NO;
				ENABLE_STRICT_OBJC_MSGSEND = YES;
				GCC_C_LANGUAGE_STANDARD = gnu99;
				GCC_NO_COMMON_BLOCKS = YES;
				GCC_WARN_64_TO_32_BIT_CONVERSION = YES;
				GCC_WARN_ABOUT_RETURN_TYPE = YES_ERROR;
				GCC_WARN_UNDECLARED_SELECTOR = YES;
				GCC_WARN_UNINITIALIZED_AUTOS = YES_AGGRESSIVE;
				GCC_WARN_UNUSED_FUNCTION = YES;
				GCC_WARN_UNUSED_VARIABLE = YES;
				MACOSX_DEPLOYMENT_TARGET = 10.11;
				MTL_ENABLE_DEBUG_INFO = NO;
				SDKROOT = macosx;
			};
			name = Release;
		};
		5566AAF21CC1832000F36A72 /* Debug */ = {
			isa = XCBuildConfiguration;
			buildSettings = {
				PRODUCT_NAME = "$(TARGET_NAME)";
			};
			name = Debug;
		};
		5566AAF31CC1832000F36A72 /* Release */ = {
			isa = XCBuildConfiguration;
			buildSettings = {
				PRODUCT_NAME = "$(TARGET_NAME)";
			};
			name = Release;
		};
/* End XCBuildConfiguration section */

/* Begin XCConfigurationList section */
		5566AAE51CC1832000F36A72 /* Build configuration list for PBXProject "dansh" */ = {
			isa = XCConfigurationList;
			buildConfigurations = (
				5566AAEF1CC1832000F36A72 /* Debug */,
				5566AAF01CC1832000F36A72 /* Release */,
			);
			defaultConfigurationIsVisible = 0;
			defaultConfigurationName = Release;
		};
		5566AAF11CC1832000F36A72 /* Build configuration list for PBXNativeTarget "dansh" */ = {
			isa = XCConfigurationList;
			buildConfigurations = (
				5566AAF21CC1832000F36A72 /* Debug */,
				5566AAF31CC1832000F36A72 /* Release */,
			);
			defaultConfigurationIsVisible = 0;
			defaultConfigurationName = Release;
		};
/* End XCConfigurationList section */
	};
	rootObject = 5566AAE21CC1832000F36A72 /* Project object */;
}
